uuid: ac0f15f2-4291-49b1-bc10-4c86e92378cb
langcode: en
status: false
dependencies:
  content:
    - 'block_content:home_page_blocks:664fc614-52ce-42a7-8bd7-931244e35e87'
  module:
    - block_content
    - block_visibility_groups
  theme:
    - mdc_theme
id: simplifyblock
theme: mdc_theme
region: home_content_header
weight: -17
provider: null
plugin: 'block_content:664fc614-52ce-42a7-8bd7-931244e35e87'
settings:
  id: 'block_content:664fc614-52ce-42a7-8bd7-931244e35e87'
  label: 'simplify block'
  provider: block_content
  label_display: visible
  status: true
  info: ''
  view_mode: full
visibility:
  condition_group:
    id: condition_group
    negate: false
    block_visibility_group: ''
    context_mapping: {  }
